
Microsoft Visual Studio Solution File, Format Version 12.00
# Visual Studio Version 17
VisualStudioVersion = 17.7.34018.315
MinimumVisualStudioVersion = 10.0.40219.1
Project("{2150E333-8FDC-42A3-9474-1A3956D46DE8}") = "src", "src", "{AE616D1B-ACDD-4217-9ECC-12EBE682DD88}"
EndProject
Project("{2150E333-8FDC-42A3-9474-1A3956D46DE8}") = "Solution Items", "Solution Items", "{4C79441C-B68D-43E5-97BA-4DB77237C80A}"
	ProjectSection(SolutionItems) = preProject
		ServiceUrls.txt = ServiceUrls.txt
	EndProjectSection
EndProject
Project("{2150E333-8FDC-42A3-9474-1A3956D46DE8}") = "BuildingBlocks", "BuildingBlocks", "{3A59B593-1E68-43EE-AF1B-A5AE3C14EB3E}"
EndProject
Project("{2150E333-8FDC-42A3-9474-1A3956D46DE8}") = "Services", "Services", "{949A180D-4149-4EF5-9404-10ADB0E19B86}"
EndProject
Project("{2150E333-8FDC-42A3-9474-1A3956D46DE8}") = "EventBus", "EventBus", "{268F510E-08C3-46A1-BD24-2E4F46DDB78D}"
EndProject
Project("{2150E333-8FDC-42A3-9474-1A3956D46DE8}") = "ContactService", "ContactService", "{1EA6B2A1-6C79-4AF8-A204-AAFA06ACAF6D}"
EndProject
Project("{FAE04EC0-301F-11D3-BF4B-00C04F79EFBC}") = "EventBus.Base", "src\BuildingBlocks\EventBus\EventBus.Base\EventBus.Base.csproj", "{22F6C6C1-9F00-43C4-8536-3E492020251F}"
EndProject
Project("{FAE04EC0-301F-11D3-BF4B-00C04F79EFBC}") = "EventBus.RabbitMQ", "src\BuildingBlocks\EventBus\EventBus.RabbitMQ\EventBus.RabbitMQ.csproj", "{4B1D639E-6DBB-4934-A53A-540F39703EDB}"
EndProject
Project("{FAE04EC0-301F-11D3-BF4B-00C04F79EFBC}") = "EventBus.Factory", "src\BuildingBlocks\EventBus\EventBus.Factory\EventBus.Factory.csproj", "{120F80F8-C9C1-4E49-AA96-1067B24BF422}"
EndProject
Project("{2150E333-8FDC-42A3-9474-1A3956D46DE8}") = "ReportService", "ReportService", "{F1FF74E7-E125-475B-B1F3-C22997D1C2EF}"
EndProject
Project("{FAE04EC0-301F-11D3-BF4B-00C04F79EFBC}") = "ContactService.Api", "src\Services\ConcatService\ConcatService.Api\ContactService.Api.csproj", "{45828E04-8433-4236-BBA1-9417E06A404A}"
EndProject
Project("{FAE04EC0-301F-11D3-BF4B-00C04F79EFBC}") = "ReportService.Api", "src\Services\ReportService\ReportService.Api\ReportService.Api.csproj", "{FCEE567B-ED12-4F1C-B0C7-9D8C1FC6FBB2}"
EndProject
Project("{2150E333-8FDC-42A3-9474-1A3956D46DE8}") = "tests", "tests", "{753A2DCC-E608-4B70-9AEC-9889B9092E24}"
EndProject
Project("{2150E333-8FDC-42A3-9474-1A3956D46DE8}") = "BuildingBlocks", "BuildingBlocks", "{0F8EF1F4-7F92-4895-B322-5D795F24A7B9}"
EndProject
Project("{FAE04EC0-301F-11D3-BF4B-00C04F79EFBC}") = "EventBus.UnitTest", "tests\BuildingBlocks\EventBus.UnitTest\EventBus.UnitTest.csproj", "{168246F5-422A-4D07-ADA4-B9701DD35D99}"
EndProject
Global
	GlobalSection(SolutionConfigurationPlatforms) = preSolution
		Debug|Any CPU = Debug|Any CPU
		Release|Any CPU = Release|Any CPU
	EndGlobalSection
	GlobalSection(ProjectConfigurationPlatforms) = postSolution
		{22F6C6C1-9F00-43C4-8536-3E492020251F}.Debug|Any CPU.ActiveCfg = Debug|Any CPU
		{22F6C6C1-9F00-43C4-8536-3E492020251F}.Debug|Any CPU.Build.0 = Debug|Any CPU
		{22F6C6C1-9F00-43C4-8536-3E492020251F}.Release|Any CPU.ActiveCfg = Release|Any CPU
		{22F6C6C1-9F00-43C4-8536-3E492020251F}.Release|Any CPU.Build.0 = Release|Any CPU
		{4B1D639E-6DBB-4934-A53A-540F39703EDB}.Debug|Any CPU.ActiveCfg = Debug|Any CPU
		{4B1D639E-6DBB-4934-A53A-540F39703EDB}.Debug|Any CPU.Build.0 = Debug|Any CPU
		{4B1D639E-6DBB-4934-A53A-540F39703EDB}.Release|Any CPU.ActiveCfg = Release|Any CPU
		{4B1D639E-6DBB-4934-A53A-540F39703EDB}.Release|Any CPU.Build.0 = Release|Any CPU
		{120F80F8-C9C1-4E49-AA96-1067B24BF422}.Debug|Any CPU.ActiveCfg = Debug|Any CPU
		{120F80F8-C9C1-4E49-AA96-1067B24BF422}.Debug|Any CPU.Build.0 = Debug|Any CPU
		{120F80F8-C9C1-4E49-AA96-1067B24BF422}.Release|Any CPU.ActiveCfg = Release|Any CPU
		{120F80F8-C9C1-4E49-AA96-1067B24BF422}.Release|Any CPU.Build.0 = Release|Any CPU
		{45828E04-8433-4236-BBA1-9417E06A404A}.Debug|Any CPU.ActiveCfg = Debug|Any CPU
		{45828E04-8433-4236-BBA1-9417E06A404A}.Debug|Any CPU.Build.0 = Debug|Any CPU
		{45828E04-8433-4236-BBA1-9417E06A404A}.Release|Any CPU.ActiveCfg = Release|Any CPU
		{45828E04-8433-4236-BBA1-9417E06A404A}.Release|Any CPU.Build.0 = Release|Any CPU
		{FCEE567B-ED12-4F1C-B0C7-9D8C1FC6FBB2}.Debug|Any CPU.ActiveCfg = Debug|Any CPU
		{FCEE567B-ED12-4F1C-B0C7-9D8C1FC6FBB2}.Debug|Any CPU.Build.0 = Debug|Any CPU
		{FCEE567B-ED12-4F1C-B0C7-9D8C1FC6FBB2}.Release|Any CPU.ActiveCfg = Release|Any CPU
		{FCEE567B-ED12-4F1C-B0C7-9D8C1FC6FBB2}.Release|Any CPU.Build.0 = Release|Any CPU
		{168246F5-422A-4D07-ADA4-B9701DD35D99}.Debug|Any CPU.ActiveCfg = Debug|Any CPU
		{168246F5-422A-4D07-ADA4-B9701DD35D99}.Debug|Any CPU.Build.0 = Debug|Any CPU
		{168246F5-422A-4D07-ADA4-B9701DD35D99}.Release|Any CPU.ActiveCfg = Release|Any CPU
		{168246F5-422A-4D07-ADA4-B9701DD35D99}.Release|Any CPU.Build.0 = Release|Any CPU
	EndGlobalSection
	GlobalSection(SolutionProperties) = preSolution
		HideSolutionNode = FALSE
	EndGlobalSection
	GlobalSection(NestedProjects) = preSolution
		{3A59B593-1E68-43EE-AF1B-A5AE3C14EB3E} = {AE616D1B-ACDD-4217-9ECC-12EBE682DD88}
		{949A180D-4149-4EF5-9404-10ADB0E19B86} = {AE616D1B-ACDD-4217-9ECC-12EBE682DD88}
		{268F510E-08C3-46A1-BD24-2E4F46DDB78D} = {3A59B593-1E68-43EE-AF1B-A5AE3C14EB3E}
		{1EA6B2A1-6C79-4AF8-A204-AAFA06ACAF6D} = {949A180D-4149-4EF5-9404-10ADB0E19B86}
		{22F6C6C1-9F00-43C4-8536-3E492020251F} = {268F510E-08C3-46A1-BD24-2E4F46DDB78D}
		{4B1D639E-6DBB-4934-A53A-540F39703EDB} = {268F510E-08C3-46A1-BD24-2E4F46DDB78D}
		{120F80F8-C9C1-4E49-AA96-1067B24BF422} = {268F510E-08C3-46A1-BD24-2E4F46DDB78D}
		{F1FF74E7-E125-475B-B1F3-C22997D1C2EF} = {949A180D-4149-4EF5-9404-10ADB0E19B86}
		{45828E04-8433-4236-BBA1-9417E06A404A} = {1EA6B2A1-6C79-4AF8-A204-AAFA06ACAF6D}
		{FCEE567B-ED12-4F1C-B0C7-9D8C1FC6FBB2} = {F1FF74E7-E125-475B-B1F3-C22997D1C2EF}
		{0F8EF1F4-7F92-4895-B322-5D795F24A7B9} = {753A2DCC-E608-4B70-9AEC-9889B9092E24}
		{168246F5-422A-4D07-ADA4-B9701DD35D99} = {0F8EF1F4-7F92-4895-B322-5D795F24A7B9}
	EndGlobalSection
	GlobalSection(ExtensibilityGlobals) = postSolution
		SolutionGuid = {29794621-75C0-471D-A95B-E9E435FA7220}
	EndGlobalSection
EndGlobal
